# This file is automatically @generated by Cargo.
# It is not intended for manual editing.
version = 3

[[package]]
name = "intcode"
version = "0.1.0"
dependencies = [
 "konst",
]

[[package]]
name = "konst"
version = "0.2.18"
source = "registry+https://github.com/rust-lang/crates.io-index"
checksum = "eb468fcae45fa8d093a2f996ee8b7e6a80021eea3ce55556a8ae00d0297a39b0"
dependencies = [
 "konst_macro_rules",
 "konst_proc_macros",
]

[[package]]
name = "konst_macro_rules"
version = "0.2.14"
source = "registry+https://github.com/rust-lang/crates.io-index"
checksum = "564383fd5aa756dd41128051e0bd54782f80a7e286dc17fcc7fe024b07f65015"

[[package]]
name = "konst_proc_macros"
version = "0.2.11"
source = "registry+https://github.com/rust-lang/crates.io-index"
checksum = "984e109462d46ad18314f10e392c286c3d47bce203088a09012de1015b45b737"
